// !$*UTF8*$!
{
	archiveVersion = 1;
	classes = {
	};
	objectVersion = 46;
	objects = {

/* Begin PBXBuildFile section */
		425104B11CFEF8AD008AAAA2 /* AppDelegate.swift in Sources */ = {isa = PBXBuildFile; fileRef = 425104B01CFEF8AD008AAAA2 /* AppDelegate.swift */; };
		425104B31CFEF8AD008AAAA2 /* ViewController.swift in Sources */ = {isa = PBXBuildFile; fileRef = 425104B21CFEF8AD008AAAA2 /* ViewController.swift */; };
		425104B61CFEF8AD008AAAA2 /* Main.storyboard in Resources */ = {isa = PBXBuildFile; fileRef = 425104B41CFEF8AD008AAAA2 /* Main.storyboard */; };
		425104B81CFEF8AD008AAAA2 /* Assets.xcassets in Resources */ = {isa = PBXBuildFile; fileRef = 425104B71CFEF8AD008AAAA2 /* Assets.xcassets */; };
		425104BB1CFEF8AD008AAAA2 /* LaunchScreen.storyboard in Resources */ = {isa = PBXBuildFile; fileRef = 425104B91CFEF8AD008AAAA2 /* LaunchScreen.storyboard */; };
		425104C31CFEFE07008AAAA2 /* SwiftyJSON.framework in Frameworks */ = {isa = PBXBuildFile; fileRef = 425104C21CFEFE07008AAAA2 /* SwiftyJSON.framework */; };
		425104C41CFEFE10008AAAA2 /* SwiftyJSON.framework in Frameworks */ = {isa = PBXBuildFile; fileRef = 425104C21CFEFE07008AAAA2 /* SwiftyJSON.framework */; };
		425104C51CFEFE10008AAAA2 /* SwiftyJSON.framework in Embed Frameworks */ = {isa = PBXBuildFile; fileRef = 425104C21CFEFE07008AAAA2 /* SwiftyJSON.framework */; settings = {ATTRIBUTES = (CodeSignOnCopy, RemoveHeadersOnCopy, ); }; };
/* End PBXBuildFile section */

/* Begin PBXCopyFilesBuildPhase section */
		425104C61CFEFE10008AAAA2 /* Embed Frameworks */ = {
			isa = PBXCopyFilesBuildPhase;
			buildActionMask = 2147483647;
			dstPath = "";
			dstSubfolderSpec = 10;
			files = (
				425104C51CFEFE10008AAAA2 /* SwiftyJSON.framework in Embed Frameworks */,
			);
			name = "Embed Frameworks";
			runOnlyForDeploymentPostprocessing = 0;
		};
/* End PBXCopyFilesBuildPhase section */

/* Begin PBXFileReference section */
		425104AD1CFEF8AD008AAAA2 /* asyncTestSwift.app */ = {isa = PBXFileReference; explicitFileType = wrapper.application; includeInIndex = 0; path = asyncTestSwift.app; sourceTree = BUILT_PRODUCTS_DIR; };
		425104B01CFEF8AD008AAAA2 /* AppDelegate.swift */ = {isa = PBXFileReference; lastKnownFileType = sourcecode.swift; path = AppDelegate.swift; sourceTree = "<group>"; };
		425104B21CFEF8AD008AAAA2 /* ViewController.swift */ = {isa = PBXFileReference; lastKnownFileType = sourcecode.swift; path = ViewController.swift; sourceTree = "<group>"; };
		425104B51CFEF8AD008AAAA2 /* Base */ = {isa = PBXFileReference; lastKnownFileType = file.storyboard; name = Base; path = Base.lproj/Main.storyboard; sourceTree = "<group>"; };
		425104B71CFEF8AD008AAAA2 /* Assets.xcassets */ = {isa = PBXFileReference; lastKnownFileType = folder.assetcatalog; path = Assets.xcassets; sourceTree = "<group>"; };
		425104BA1CFEF8AD008AAAA2 /* Base */ = {isa = PBXFileReference; lastKnownFileType = file.storyboard; name = Base; path = Base.lproj/LaunchScreen.storyboard; sourceTree = "<group>"; };
		425104BC1CFEF8AD008AAAA2 /* Info.plist */ = {isa = PBXFileReference; lastKnownFileType = text.plist.xml; path = Info.plist; sourceTree = "<group>"; };
		425104C21CFEFE07008AAAA2 /* SwiftyJSON.framework */ = {isa = PBXFileReference; lastKnownFileType = wrapper.framework; name = SwiftyJSON.framework; path = Carthage/Build/iOS/SwiftyJSON.framework; sourceTree = "<group>"; };
/* End PBXFileReference section */

/* Begin PBXFrameworksBuildPhase section */
		425104AA1CFEF8AD008AAAA2 /* Frameworks */ = {
			isa = PBXFrameworksBuildPhase;
			buildActionMask = 2147483647;
			files = (
				425104C41CFEFE10008AAAA2 /* SwiftyJSON.framework in Frameworks */,
				425104C31CFEFE07008AAAA2 /* SwiftyJSON.framework in Frameworks */,
			);
			runOnlyForDeploymentPostprocessing = 0;
		};
/* End PBXFrameworksBuildPhase section */

/* Begin PBXGroup section */
		425104A41CFEF8AD008AAAA2 = {
			isa = PBXGroup;
			children = (
				425104C21CFEFE07008AAAA2 /* SwiftyJSON.framework */,
				425104AF1CFEF8AD008AAAA2 /* asyncTestSwift */,
				425104AE1CFEF8AD008AAAA2 /* Products */,
			);
			sourceTree = "<group>";
		};
		425104AE1CFEF8AD008AAAA2 /* Products */ = {
			isa = PBXGroup;
			children = (
				425104AD1CFEF8AD008AAAA2 /* asyncTestSwift.app */,
			);
			name = Products;
			sourceTree = "<group>";
		};
		425104AF1CFEF8AD008AAAA2 /* asyncTestSwift */ = {
			isa = PBXGroup;
			children = (
				425104B01CFEF8AD008AAAA2 /* AppDelegate.swift */,
				425104B21CFEF8AD008AAAA2 /* ViewController.swift */,
				425104B41CFEF8AD008AAAA2 /* Main.storyboard */,
				425104B71CFEF8AD008AAAA2 /* Assets.xcassets */,
				425104B91CFEF8AD008AAAA2 /* LaunchScreen.storyboard */,
				425104BC1CFEF8AD008AAAA2 /* Info.plist */,
			);
			path = asyncTestSwift;
			sourceTree = "<group>";
		};
/* End PBXGroup section */

/* Begin PBXNativeTarget section */
		425104AC1CFEF8AD008AAAA2 /* asyncTestSwift */ = {
			isa = PBXNativeTarget;
			buildConfigurationList = 425104BF1CFEF8AD008AAAA2 /* Build configuration list for PBXNativeTarget "asyncTestSwift" */;
			buildPhases = (
				425104A91CFEF8AD008AAAA2 /* Sources */,
				425104AA1CFEF8AD008AAAA2 /* Frameworks */,
				425104AB1CFEF8AD008AAAA2 /* Resources */,
				425104C61CFEFE10008AAAA2 /* Embed Frameworks */,
			);
			buildRules = (
			);
			dependencies = (
			);
			name = asyncTestSwift;
			productName = asyncTestSwift;
			productReference = 425104AD1CFEF8AD008AAAA2 /* asyncTestSwift.app */;
			productType = "com.apple.product-type.application";
		};
/* End PBXNativeTarget section */

/* Begin PBXProject section */
		425104A51CFEF8AD008AAAA2 /* Project object */ = {
			isa = PBXProject;
			attributes = {
				LastSwiftUpdateCheck = 0730;
				LastUpgradeCheck = 0730;
				ORGANIZATIONNAME = "Robin Malhotra";
				TargetAttributes = {
					425104AC1CFEF8AD008AAAA2 = {
						CreatedOnToolsVersion = 7.3.1;
					};
				};
			};
			buildConfigurationList = 425104A81CFEF8AD008AAAA2 /* Build configuration list for PBXProject "asyncTestSwift" */;
			compatibilityVersion = "Xcode 3.2";
			developmentRegion = English;
			hasScannedForEncodings = 0;
			knownRegions = (
				en,
				Base,
			);
			mainGroup = 425104A41CFEF8AD008AAAA2;
			productRefGroup = 425104AE1CFEF8AD008AAAA2 /* Products */;
			projectDirPath = "";
			projectRoot = "";
			targets = (
				425104AC1CFEF8AD008AAAA2 /* asyncTestSwift */,
			);
		};
/* End PBXProject section */

/* Begin PBXResourcesBuildPhase section */
		425104AB1CFEF8AD008AAAA2 /* Resources */ = {
			isa = PBXResourcesBuildPhase;
			buildActionMask = 2147483647;
			files = (
				425104BB1CFEF8AD008AAAA2 /* LaunchScreen.storyboard in Resources */,
				425104B81CFEF8AD008AAAA2 /* Assets.xcassets in Resources */,
				425104B61CFEF8AD008AAAA2 /* Main.storyboard in Resources */,
			);
			runOnlyForDeploymentPostprocessing = 0;
		};
/* End PBXResourcesBuildPhase section */

/* Begin PBXSourcesBuildPhase section */
		425104A91CFEF8AD008AAAA2 /* Sources */ = {
			isa = PBXSourcesBuildPhase;
			buildActionMask = 2147483647;
			files = (
				425104B31CFEF8AD008AAAA2 /* ViewController.swift in Sources */,
				425104B11CFEF8AD008AAAA2 /* AppDelegate.swift in Sources */,
			);
			runOnlyForDeploymentPostprocessing = 0;
		};
/* End PBXSourcesBuildPhase section */

/* Begin PBXVariantGroup section */
		425104B41CFEF8AD008AAAA2 /* Main.storyboard */ = {
			isa = PBXVariantGroup;
			children = (
				425104B51CFEF8AD008AAAA2 /* Base */,
			);
			name = Main.storyboard;
			sourceTree = "<group>";
		};
		425104B91CFEF8AD008AAAA2 /* LaunchScreen.storyboard */ = {
			isa = PBXVariantGroup;
			children = (
				425104BA1CFEF8AD008AAAA2 /* Base */,
			);
			name = LaunchScreen.storyboard;
			sourceTree = "<group>";
		};
/* End PBXVariantGroup section */

/* Begin XCBuildConfiguration section */
		425104BD1CFEF8AD008AAAA2 /* Debug */ = {
			isa = XCBuildConfiguration;
			buildSettings = {
				ALWAYS_SEARCH_USER_PATHS = NO;
				CLANG_ANALYZER_NONNULL = YES;
				CLANG_CXX_LANGUAGE_STANDARD = "gnu++0x";
				CLANG_CXX_LIBRARY = "libc++";
				CLANG_ENABLE_MODULES = YES;
				CLANG_ENABLE_OBJC_ARC = YES;
				CLANG_WARN_BOOL_CONVERSION = YES;
				CLANG_WARN_CONSTANT_CONVERSION = YES;
				CLANG_WARN_DIRECT_OBJC_ISA_USAGE = YES_ERROR;
				CLANG_WARN_EMPTY_BODY = YES;
				CLANG_WARN_ENUM_CONVERSION = YES;
				CLANG_WARN_INT_CONVERSION = YES;
				CLANG_WARN_OBJC_ROOT_CLASS = YES_ERROR;
				CLANG_WARN_UNREACHABLE_CODE = YES;
				CLANG_WARN__DUPLICATE_METHOD_MATCH = YES;
				"CODE_SIGN_IDENTITY[sdk=iphoneos*]" = "iPhone Developer";
				COPY_PHASE_STRIP = NO;
				DEBUG_INFORMATION_FORMAT = dwarf;
				ENABLE_STRICT_OBJC_MSGSEND = YES;
				ENABLE_TESTABILITY = YES;
				GCC_C_LANGUAGE_STANDARD = gnu99;
				GCC_DYNAMIC_NO_PIC = NO;
				GCC_NO_COMMON_BLOCKS = YES;
				GCC_OPTIMIZATION_LEVEL = 0;
				GCC_PREPROCESSOR_DEFINITIONS = (
					"DEBUG=1",
					"$(inherited)",
				);
				GCC_WARN_64_TO_32_BIT_CONVERSION = YES;
				GCC_WARN_ABOUT_RETURN_TYPE = YES_ERROR;
				GCC_WARN_UNDECLARED_SELECTOR = YES;
				GCC_WARN_UNINITIALIZED_AUTOS = YES_AGGRESSIVE;
				GCC_WARN_UNUSED_FUNCTION = YES;
				GCC_WARN_UNUSED_VARIABLE = YES;
				IPHONEOS_DEPLOYMENT_TARGET = 9.3;
				MTL_ENABLE_DEBUG_INFO = YES;
				ONLY_ACTIVE_ARCH = YES;
				SDKROOT = iphoneos;
				SWIFT_OPTIMIZATION_LEVEL = "-Onone";
			};
			name = Debug;
		};
		425104BE1CFEF8AD008AAAA2 /* Release */ = {
			isa = XCBuildConfiguration;
			buildSettings = {
				ALWAYS_SEARCH_USER_PATHS = NO;
				CLANG_ANALYZER_NONNULL = YES;
				CLANG_CXX_LANGUAGE_STANDARD = "gnu++0x";
				CLANG_CXX_LIBRARY = "libc++";
				CLANG_ENABLE_MODULES = YES;
				CLANG_ENABLE_OBJC_ARC = YES;
				CLANG_WARN_BOOL_CONVERSION = YES;
				CLANG_WARN_CONSTANT_CONVERSION = YES;
				CLANG_WARN_DIRECT_OBJC_ISA_USAGE = YES_ERROR;
				CLANG_WARN_EMPTY_BODY = YES;
				CLANG_WARN_ENUM_CONVERSION = YES;
				CLANG_WARN_INT_CONVERSION = YES;
				CLANG_WARN_OBJC_ROOT_CLASS = YES_ERROR;
				CLANG_WARN_UNREACHABLE_CODE = YES;
				CLANG_WARN__DUPLICATE_METHOD_MATCH = YES;
				"CODE_SIGN_IDENTITY[sdk=iphoneos*]" = "iPhone Developer";
				COPY_PHASE_STRIP = NO;
				DEBUG_INFORMATION_FORMAT = "dwarf-with-dsym";
				ENABLE_NS_ASSERTIONS = NO;
				ENABLE_STRICT_OBJC_MSGSEND = YES;
				GCC_C_LANGUAGE_STANDARD = gnu99;
				GCC_NO_COMMON_BLOCKS = YES;
				GCC_WARN_64_TO_32_BIT_CONVERSION = YES;
				GCC_WARN_ABOUT_RETURN_TYPE = YES_ERROR;
				GCC_WARN_UNDECLARED_SELECTOR = YES;
				GCC_WARN_UNINITIALIZED_AUTOS = YES_AGGRESSIVE;
				GCC_WARN_UNUSED_FUNCTION = YES;
				GCC_WARN_UNUSED_VARIABLE = YES;
				IPHONEOS_DEPLOYMENT_TARGET = 9.3;
				MTL_ENABLE_DEBUG_INFO = NO;
				SDKROOT = iphoneos;
				VALIDATE_PRODUCT = YES;
			};
			name = Release;
		};
		425104C01CFEF8AD008AAAA2 /* Debug */ = {
			isa = XCBuildConfiguration;
			buildSettings = {
				ASSETCATALOG_COMPILER_APPICON_NAME = AppIcon;
				FRAMEWORK_SEARCH_PATHS = (
					"$(inherited)",
					"$(PROJECT_DIR)/Carthage/Build/iOS",
				);
				INFOPLIST_FILE = asyncTestSwift/Info.plist;
				LD_RUNPATH_SEARCH_PATHS = "$(inherited) @executable_path/Frameworks";
				PRODUCT_BUNDLE_IDENTIFIER = codeOfRobin.asyncTestSwift;
				PRODUCT_NAME = "$(TARGET_NAME)";
			};
			name = Debug;
		};
		425104C11CFEF8AD008AAAA2 /* Release */ = {
			isa = XCBuildConfiguration;
			buildSettings = {
				ASSETCATALOG_COMPILER_APPICON_NAME = AppIcon;
				FRAMEWORK_SEARCH_PATHS = (
					"$(inherited)",
					"$(PROJECT_DIR)/Carthage/Build/iOS",
				);
				INFOPLIST_FILE = asyncTestSwift/Info.plist;
				LD_RUNPATH_SEARCH_PATHS = "$(inherited) @executable_path/Frameworks";
				PRODUCT_BUNDLE_IDENTIFIER = codeOfRobin.asyncTestSwift;
				PRODUCT_NAME = "$(TARGET_NAME)";
			};
			name = Release;
		};
/* End XCBuildConfiguration section */

/* Begin XCConfigurationList section */
		425104A81CFEF8AD008AAAA2 /* Build configuration list for PBXProject "asyncTestSwift" */ = {
			isa = XCConfigurationList;
			buildConfigurations = (
				425104BD1CFEF8AD008AAAA2 /* Debug */,
				425104BE1CFEF8AD008AAAA2 /* Release */,
			);
			defaultConfigurationIsVisible = 0;
			defaultConfigurationName = Release;
		};
		425104BF1CFEF8AD008AAAA2 /* Build configuration list for PBXNativeTarget "asyncTestSwift" */ = {
			isa = XCConfigurationList;
			buildConfigurations = (
				425104C01CFEF8AD008AAAA2 /* Debug */,
				425104C11CFEF8AD008AAAA2 /* Release */,
			);
			defaultConfigurationIsVisible = 0;
		};
/* End XCConfigurationList section */
	};
	rootObject = 425104A51CFEF8AD008AAAA2 /* Project object */;
}
